
Microsoft Visual Studio Solution File, Format Version 12.00
# Visual Studio Version 17
VisualStudioVersion = 17.1.32228.430
MinimumVisualStudioVersion = 10.0.40219.1
Project("{FAE04EC0-301F-11D3-BF4B-00C04F79EFBC}") = "LIztBox Demo", "LIztBox Demo.csproj", "{3D8B3F65-02AB-4814-8124-2B03C65D9E0E}"
EndProject
Project("{2150E333-8FDC-42A3-9474-1A3956D46DE8}") = "Solution Items", "Solution Items", "{830AC8FE-D372-4C99-A4A9-810CF6793109}"
	ProjectSection(SolutionItems) = preProject
		.editorconfig = .editorconfig
	EndProjectSection
EndProject
Global
	GlobalSection(SolutionConfigurationPlatforms) = preSolution
		Debug|Any CPU = Debug|Any CPU
		Release|Any CPU = Release|Any CPU
	EndGlobalSection
	GlobalSection(ProjectConfigurationPlatforms) = postSolution
		{3D8B3F65-02AB-4814-8124-2B03C65D9E0E}.Debug|Any CPU.ActiveCfg = Debug|Any CPU
		{3D8B3F65-02AB-4814-8124-2B03C65D9E0E}.Debug|Any CPU.Build.0 = Debug|Any CPU
		{3D8B3F65-02AB-4814-8124-2B03C65D9E0E}.Release|Any CPU.ActiveCfg = Release|Any CPU
		{3D8B3F65-02AB-4814-8124-2B03C65D9E0E}.Release|Any CPU.Build.0 = Release|Any CPU
	EndGlobalSection
	GlobalSection(SolutionProperties) = preSolution
		HideSolutionNode = FALSE
	EndGlobalSection
	GlobalSection(ExtensibilityGlobals) = postSolution
		SolutionGuid = {E06D71DD-EECC-4FFD-B633-998B43B1412C}
	EndGlobalSection
EndGlobal
